
Microsoft Visual Studio Solution File, Format Version 12.00
# Visual Studio Version 17
VisualStudioVersion = 17.4.33213.308
MinimumVisualStudioVersion = 10.0.40219.1
Project("{9A19103F-16F7-4668-BE54-9A1E7A4F7556}") = "SVG_editor_finalproject", "SVG_editor_finalproject.csproj", "{F463A4CC-2B00-4344-B82C-34313E1AC284}"
EndProject
Project("{2150E333-8FDC-42A3-9474-1A3956D46DE8}") = "Solution Items", "Solution Items", "{3A7F9D07-C1A5-474A-883C-A20A6A5AEAB3}"
	ProjectSection(SolutionItems) = preProject
		Class1.cs = Class1.cs
	EndProjectSection
EndProject
Global
	GlobalSection(SolutionConfigurationPlatforms) = preSolution
		Debug|Any CPU = Debug|Any CPU
		Release|Any CPU = Release|Any CPU
	EndGlobalSection
	GlobalSection(ProjectConfigurationPlatforms) = postSolution
		{F463A4CC-2B00-4344-B82C-34313E1AC284}.Debug|Any CPU.ActiveCfg = Debug|Any CPU
		{F463A4CC-2B00-4344-B82C-34313E1AC284}.Debug|Any CPU.Build.0 = Debug|Any CPU
		{F463A4CC-2B00-4344-B82C-34313E1AC284}.Release|Any CPU.ActiveCfg = Release|Any CPU
		{F463A4CC-2B00-4344-B82C-34313E1AC284}.Release|Any CPU.Build.0 = Release|Any CPU
	EndGlobalSection
	GlobalSection(SolutionProperties) = preSolution
		HideSolutionNode = FALSE
	EndGlobalSection
	GlobalSection(ExtensibilityGlobals) = postSolution
		SolutionGuid = {0011A87C-8954-4858-B98D-5FC4A148541C}
	EndGlobalSection
EndGlobal
